Microsoft Visual Studio Solution File, Format Version 12.00
# Visual Studio Version 17
VisualStudioVersion = 17.13.35931.197
MinimumVisualStudioVersion = 10.0.40219.1
Project("{FAE04EC0-301F-11D3-BF4B-00C04F79EFBC}") = "dotnet", "dotnet.csproj", "{340C9E13-B09E-22CF-2266-9251BE79A212}"
EndProject
Project("{FAE04EC0-301F-11D3-BF4B-00C04F79EFBC}") = "WorkoutTests", "..\WorkoutTests\WorkoutTests.csproj", "{D85B6737-FC81-450A-A3A6-D8DD114B94C1}"
EndProject
Global
	GlobalSection(SolutionConfigurationPlatforms) = preSolution
		Debug|Any CPU = Debug|Any CPU
		Release|Any CPU = Release|Any CPU
	EndGlobalSection
	GlobalSection(ProjectConfigurationPlatforms) = postSolution
		{340C9E13-B09E-22CF-2266-9251BE79A212}.Debug|Any CPU.ActiveCfg = Debug|Any CPU
		{340C9E13-B09E-22CF-2266-9251BE79A212}.Debug|Any CPU.Build.0 = Debug|Any CPU
		{340C9E13-B09E-22CF-2266-9251BE79A212}.Release|Any CPU.ActiveCfg = Release|Any CPU
		{340C9E13-B09E-22CF-2266-9251BE79A212}.Release|Any CPU.Build.0 = Release|Any CPU
		{D85B6737-FC81-450A-A3A6-D8DD114B94C1}.Debug|Any CPU.ActiveCfg = Debug|Any CPU
		{D85B6737-FC81-450A-A3A6-D8DD114B94C1}.Debug|Any CPU.Build.0 = Debug|Any CPU
		{D85B6737-FC81-450A-A3A6-D8DD114B94C1}.Release|Any CPU.ActiveCfg = Release|Any CPU
		{D85B6737-FC81-450A-A3A6-D8DD114B94C1}.Release|Any CPU.Build.0 = Release|Any CPU
	EndGlobalSection
	GlobalSection(SolutionProperties) = preSolution
		HideSolutionNode = FALSE
	EndGlobalSection
	GlobalSection(ExtensibilityGlobals) = postSolution
		SolutionGuid = {DED4DAF2-D96B-42B3-A1CC-432535241696}
	EndGlobalSection
EndGlobal
